
Microsoft Visual Studio Solution File, Format Version 12.00
# Visual Studio Version 17
VisualStudioVersion = 17.0.31903.59
MinimumVisualStudioVersion = 10.0.40219.1
Project("{FAE04EC0-301F-11D3-BF4B-00C04F79EFBC}") = "API", "API\API.csproj", "{5B29D857-CFE8-4E94-BDDB-32E428A28864}"
EndProject
Project("{FAE04EC0-301F-11D3-BF4B-00C04F79EFBC}") = "Core", "Core\Core.csproj", "{B0F20A49-D6A9-429F-9D30-D5F5122713BB}"
EndProject
Project("{FAE04EC0-301F-11D3-BF4B-00C04F79EFBC}") = "Infrastructure", "Infrastructure\Infrastructure.csproj", "{7BCD36B7-F2EC-482F-8F96-4C35286E7BF2}"
EndProject
Global
	GlobalSection(SolutionConfigurationPlatforms) = preSolution
		Debug|Any CPU = Debug|Any CPU
		Release|Any CPU = Release|Any CPU
	EndGlobalSection
	GlobalSection(SolutionProperties) = preSolution
		HideSolutionNode = FALSE
	EndGlobalSection
	GlobalSection(ProjectConfigurationPlatforms) = postSolution
		{5B29D857-CFE8-4E94-BDDB-32E428A28864}.Debug|Any CPU.ActiveCfg = Debug|Any CPU
		{5B29D857-CFE8-4E94-BDDB-32E428A28864}.Debug|Any CPU.Build.0 = Debug|Any CPU
		{5B29D857-CFE8-4E94-BDDB-32E428A28864}.Release|Any CPU.ActiveCfg = Release|Any CPU
		{5B29D857-CFE8-4E94-BDDB-32E428A28864}.Release|Any CPU.Build.0 = Release|Any CPU
		{B0F20A49-D6A9-429F-9D30-D5F5122713BB}.Debug|Any CPU.ActiveCfg = Debug|Any CPU
		{B0F20A49-D6A9-429F-9D30-D5F5122713BB}.Debug|Any CPU.Build.0 = Debug|Any CPU
		{B0F20A49-D6A9-429F-9D30-D5F5122713BB}.Release|Any CPU.ActiveCfg = Release|Any CPU
		{B0F20A49-D6A9-429F-9D30-D5F5122713BB}.Release|Any CPU.Build.0 = Release|Any CPU
		{7BCD36B7-F2EC-482F-8F96-4C35286E7BF2}.Debug|Any CPU.ActiveCfg = Debug|Any CPU
		{7BCD36B7-F2EC-482F-8F96-4C35286E7BF2}.Debug|Any CPU.Build.0 = Debug|Any CPU
		{7BCD36B7-F2EC-482F-8F96-4C35286E7BF2}.Release|Any CPU.ActiveCfg = Release|Any CPU
		{7BCD36B7-F2EC-482F-8F96-4C35286E7BF2}.Release|Any CPU.Build.0 = Release|Any CPU
	EndGlobalSection
EndGlobal
